
Microsoft Visual Studio Solution File, Format Version 12.00
# Visual Studio Version 17
VisualStudioVersion = 17.8.34316.72
MinimumVisualStudioVersion = 10.0.40219.1
Project("{FAE04EC0-301F-11D3-BF4B-00C04F79EFBC}") = "Excel-POC", "Excel-POC.csproj", "{988B06FC-73EC-4D47-9B46-1728C04D499A}"
EndProject
Global
	GlobalSection(SolutionConfigurationPlatforms) = preSolution
		Debug|Any CPU = Debug|Any CPU
		Release|Any CPU = Release|Any CPU
	EndGlobalSection
	GlobalSection(ProjectConfigurationPlatforms) = postSolution
		{988B06FC-73EC-4D47-9B46-1728C04D499A}.Debug|Any CPU.ActiveCfg = Debug|Any CPU
		{988B06FC-73EC-4D47-9B46-1728C04D499A}.Debug|Any CPU.Build.0 = Debug|Any CPU
		{988B06FC-73EC-4D47-9B46-1728C04D499A}.Release|Any CPU.ActiveCfg = Release|Any CPU
		{988B06FC-73EC-4D47-9B46-1728C04D499A}.Release|Any CPU.Build.0 = Release|Any CPU
	EndGlobalSection
	GlobalSection(SolutionProperties) = preSolution
		HideSolutionNode = FALSE
	EndGlobalSection
	GlobalSection(ExtensibilityGlobals) = postSolution
		SolutionGuid = {BD3CC03D-F7EC-4C44-BFC6-CE0853346000}
	EndGlobalSection
EndGlobal
