
Microsoft Visual Studio Solution File, Format Version 12.00
# Visual Studio Version 17
VisualStudioVersion = 17.8.34316.72
MinimumVisualStudioVersion = 10.0.40219.1
Project("{FAE04EC0-301F-11D3-BF4B-00C04F79EFBC}") = "PPT POC", "PPT POC.csproj", "{178832A3-1451-465E-8E26-0BC2509D9D2D}"
EndProject
Global
	GlobalSection(SolutionConfigurationPlatforms) = preSolution
		Debug|Any CPU = Debug|Any CPU
		Release|Any CPU = Release|Any CPU
	EndGlobalSection
	GlobalSection(ProjectConfigurationPlatforms) = postSolution
		{178832A3-1451-465E-8E26-0BC2509D9D2D}.Debug|Any CPU.ActiveCfg = Debug|Any CPU
		{178832A3-1451-465E-8E26-0BC2509D9D2D}.Debug|Any CPU.Build.0 = Debug|Any CPU
		{178832A3-1451-465E-8E26-0BC2509D9D2D}.Release|Any CPU.ActiveCfg = Release|Any CPU
		{178832A3-1451-465E-8E26-0BC2509D9D2D}.Release|Any CPU.Build.0 = Release|Any CPU
	EndGlobalSection
	GlobalSection(SolutionProperties) = preSolution
		HideSolutionNode = FALSE
	EndGlobalSection
	GlobalSection(ExtensibilityGlobals) = postSolution
		SolutionGuid = {65C63036-87F9-455A-ABF5-B84733AEEAD9}
	EndGlobalSection
EndGlobal
